{
  "pins" : [
    {
      "identity" : "plaid-link-ios-spm",
      "kind" : "remoteSourceControl",
      "location" : "https://github.com/plaid/plaid-link-ios-spm.git",
      "state" : {
        "revision" : "0f0113ec1c2e87e1f8cc0eaf03e6772e62fe9d8f",
        "version" : "7.0.3"
      }
    }
  ],
  "version" : 2
}
