{
  "pins" : [
    {
      "identity" : "plaid-link-ios-spm",
      "kind" : "remoteSourceControl",
      "location" : "https://github.com/plaid/plaid-link-ios-spm.git",
      "state" : {
        "revision" : "1a4e2241f8968deebd3ecd9ebc128fa91ccc9f49",
        "version" : "6.4.7"
      }
    }
  ],
  "version" : 2
}
